{
  "requires": true,
  "lockfileVersion": 1,
  "dependencies": {
    "react-native-options-menu": {
      "version": "2.0.2",
      "resolved": "https://registry.npmjs.org/react-native-options-menu/-/react-native-options-menu-2.0.2.tgz",
      "integrity": "sha512-aqufug1xxote2Oz9WTpoh/B4GTA1RZiF6Ba69yUZYyHvg7MdGnLVLMSA5fDRirF5EGCn2Ay+f9DExWf1DjQI6A=="
    }
  }
}
