# THIS IS AN AUTOGENERATED FILE. DO NOT EDIT THIS FILE DIRECTLY.
# yarn lockfile v1


"@egjs/hammerjs@^2.0.17":
  version "2.0.17"
  resolved "https://registry.yarnpkg.com/@egjs/hammerjs/-/hammerjs-2.0.17.tgz#5dc02af75a6a06e4c2db0202cae38c9263895124"
  integrity sha512-XQsZgjm2EcVUiZQf11UBJQfmZeEmOW8DpI1gsFeln6w0ae0ii4dMQEQ0kjl6DspdWX1aGY1/loyXnP0JS06e/A==
  dependencies:
    "@types/hammerjs" "^2.0.36"

"@react-native-firebase/auth@^10.2.0":
  version "10.2.0"
  resolved "https://registry.yarnpkg.com/@react-native-firebase/auth/-/auth-10.2.0.tgz#78a8967f72f0b94b3a438e2dc0789ceccdcf01b9"
  integrity sha512-8oMa6tMkouS2BoGPC/Sbq5kYVXGscp/QXSBWc0JNanxlPbq5TKS7P9+dMCNKTPdPeOz3GM8y/8hjSspOQft40g==

"@react-navigation/core@^5.14.4":
  version "5.14.4"
  resolved "https://registry.yarnpkg.com/@react-navigation/core/-/core-5.14.4.tgz#f63a2cd214bddbd25e1181f9335c32dfc3b6460f"
  integrity sha512-MzZU9PO1a/6f9KdN04dC/E4BNl6M1Ba0Tb4sQdl/32y0hM2ToxlrKcERnTLWGFIbQV+9ZV1GTrp3mlGS6U9Jpw==
  dependencies:
    "@react-navigation/routers" "^5.6.2"
    escape-string-regexp "^4.0.0"
    nanoid "^3.1.15"
    query-string "^6.13.6"
    react-is "^16.13.0"

"@react-navigation/native@^5.8.10":
  version "5.8.10"
  resolved "https://registry.yarnpkg.com/@react-navigation/native/-/native-5.8.10.tgz#3fe806abff9efb085bcf595212803dd05a1347ca"
  integrity sha512-OUgD1o+y7PwmhRIRqQxN0SQvVU/SHic/ek/qMvBZX8nu5/WlBNxmNRMHVxONgHlG3AQZh27NUs9ynntL7ek1zQ==
  dependencies:
    "@react-navigation/core" "^5.14.4"
    escape-string-regexp "^4.0.0"
    nanoid "^3.1.15"

"@react-navigation/routers@^5.6.2":
  version "5.6.2"
  resolved "https://registry.yarnpkg.com/@react-navigation/routers/-/routers-5.6.2.tgz#accc008c3b777f74d998e16cb2ea8e4c1fe8d9aa"
  integrity sha512-XBcDKXS5s4MaHFufN44LtbXqFDH/nUHfHjbwG85fP3k772oRyPRgbnUb2mbw5MFGqORla9T7uymR6Gh6uwIwVw==
  dependencies:
    nanoid "^3.1.15"

"@types/hammerjs@^2.0.36":
  version "2.0.36"
  resolved "https://registry.yarnpkg.com/@types/hammerjs/-/hammerjs-2.0.36.tgz#17ce0a235e9ffbcdcdf5095646b374c2bf615a4c"
  integrity sha512-7TUK/k2/QGpEAv/BCwSHlYu3NXZhQ9ZwBYpzr9tjlPIL2C5BeGhH3DmVavRx3ZNyELX5TLC91JTz/cen6AAtIQ==

decode-uri-component@^0.2.0:
  version "0.2.0"
  resolved "https://registry.yarnpkg.com/decode-uri-component/-/decode-uri-component-0.2.0.tgz#eb3913333458775cb84cd1a1fae062106bb87545"
  integrity sha1-6zkTMzRYd1y4TNGh+uBiEGu4dUU=

escape-string-regexp@^4.0.0:
  version "4.0.0"
  resolved "https://registry.yarnpkg.com/escape-string-regexp/-/escape-string-regexp-4.0.0.tgz#14ba83a5d373e3d311e5afca29cf5bfad965bf34"
  integrity sha512-TtpcNJ3XAzx3Gq8sWRzJaVajRs0uVxA2YAkdb1jm2YkPz4G6egUFAyA3n5vtEIZefPk5Wa4UXbKuS5fKkJWdgA==

hoist-non-react-statics@^3.3.0:
  version "3.3.2"
  resolved "https://registry.yarnpkg.com/hoist-non-react-statics/-/hoist-non-react-statics-3.3.2.tgz#ece0acaf71d62c2969c2ec59feff42a4b1a85b45"
  integrity sha512-/gGivxi8JPKWNm/W0jSmzcMPpfpPLc3dY/6GxhX2hQ9iGj3aDfklV4ET7NjKpSinLpJ5vafa9iiGIEZg10SfBw==
  dependencies:
    react-is "^16.7.0"

invariant@^2.2.4:
  version "2.2.4"
  resolved "https://registry.yarnpkg.com/invariant/-/invariant-2.2.4.tgz#610f3c92c9359ce1db616e538008d23ff35158e6"
  integrity sha512-phJfQVBuaJM5raOpJjSfkiD6BpbCE4Ns//LaXl6wGYtUBY83nWS6Rf9tXm2e8VaK60JEjYldbPif/A2B1C2gNA==
  dependencies:
    loose-envify "^1.0.0"

"js-tokens@^3.0.0 || ^4.0.0":
  version "4.0.0"
  resolved "https://registry.yarnpkg.com/js-tokens/-/js-tokens-4.0.0.tgz#19203fb59991df98e3a287050d4647cdeaf32499"
  integrity sha512-RdJUflcE3cUzKiMqQgsCu06FPu9UdIJO0beYbPhHN4k6apgJtifcoCtT9bcxOpYBtpD2kCM6Sbzg4CausW/PKQ==

loose-envify@^1.0.0, loose-envify@^1.4.0:
  version "1.4.0"
  resolved "https://registry.yarnpkg.com/loose-envify/-/loose-envify-1.4.0.tgz#71ee51fa7be4caec1a63839f7e682d8132d30caf"
  integrity sha512-lyuxPGr/Wfhrlem2CL/UcnUc1zcqKAImBDzukY7Y5F/yQiNdko6+fRLevlw1HgMySw7f611UIY408EtxRSoK3Q==
  dependencies:
    js-tokens "^3.0.0 || ^4.0.0"

nanoid@^3.1.15:
  version "3.1.20"
  resolved "https://registry.yarnpkg.com/nanoid/-/nanoid-3.1.20.tgz#badc263c6b1dcf14b71efaa85f6ab4c1d6cfc788"
  integrity sha512-a1cQNyczgKbLX9jwbS/+d7W8fX/RfgYR7lVWwWOGIPNgK2m0MWvrGF6/m4kk6U3QcFMnZf3RIhL0v2Jgh/0Uxw==

object-assign@^4.1.1:
  version "4.1.1"
  resolved "https://registry.yarnpkg.com/object-assign/-/object-assign-4.1.1.tgz#2109adc7965887cfc05cbbd442cac8bfbb360863"
  integrity sha1-IQmtx5ZYh8/AXLvUQsrIv7s2CGM=

prop-types@^15.7.2:
  version "15.7.2"
  resolved "https://registry.yarnpkg.com/prop-types/-/prop-types-15.7.2.tgz#52c41e75b8c87e72b9d9360e0206b99dcbffa6c5"
  integrity sha512-8QQikdH7//R2vurIJSutZ1smHYTcLpRWEOlHnzcWHmBYrOGUysKwSsrC89BCiFj3CbrfJ/nXFdJepOVrY1GCHQ==
  dependencies:
    loose-envify "^1.4.0"
    object-assign "^4.1.1"
    react-is "^16.8.1"

query-string@^6.13.6:
  version "6.13.7"
  resolved "https://registry.yarnpkg.com/query-string/-/query-string-6.13.7.tgz#af53802ff6ed56f3345f92d40a056f93681026ee"
  integrity sha512-CsGs8ZYb39zu0WLkeOhe0NMePqgYdAuCqxOYKDR5LVCytDZYMGx3Bb+xypvQvPHVPijRXB0HZNFllCzHRe4gEA==
  dependencies:
    decode-uri-component "^0.2.0"
    split-on-first "^1.0.0"
    strict-uri-encode "^2.0.0"

react-is@^16.13.0, react-is@^16.7.0, react-is@^16.8.1:
  version "16.13.1"
  resolved "https://registry.yarnpkg.com/react-is/-/react-is-16.13.1.tgz#789729a4dc36de2999dc156dd6c1d9c18cea56a4"
  integrity sha512-24e6ynE2H+OKt4kqsOvNd8kBpV65zoxbA4BVsEOB3ARVWQki/DHzaUoC5KuON/BiccDaCCTZBuOcfZs70kR8bQ==

react-native-gesture-handler@^1.8.0:
  version "1.8.0"
  resolved "https://registry.yarnpkg.com/react-native-gesture-handler/-/react-native-gesture-handler-1.8.0.tgz#18f61f51da50320f938957b0ee79bc58f47449dc"
  integrity sha512-E2FZa0qZ5Bi0Z8Jg4n9DaFomHvedSjwbO2DPmUUHYRy1lH2yxXUpSrqJd6yymu+Efzmjg2+JZzsjFYA2Iq8VEQ==
  dependencies:
    "@egjs/hammerjs" "^2.0.17"
    hoist-non-react-statics "^3.3.0"
    invariant "^2.2.4"
    prop-types "^15.7.2"

react-native-options-menu@^2.0.2:
  version "2.0.2"
  resolved "https://registry.yarnpkg.com/react-native-options-menu/-/react-native-options-menu-2.0.2.tgz#ff4ed9a1ac0026e52097b33b3dd318fa14856564"
  integrity sha512-aqufug1xxote2Oz9WTpoh/B4GTA1RZiF6Ba69yUZYyHvg7MdGnLVLMSA5fDRirF5EGCn2Ay+f9DExWf1DjQI6A==

react-native-screens@^2.15.0:
  version "2.15.0"
  resolved "https://registry.yarnpkg.com/react-native-screens/-/react-native-screens-2.15.0.tgz#9b97c1881c4fcdf304bf363f0013225901625f44"
  integrity sha512-qTSQPy0WKHtlb8xt5gY0Gt6sdvfQUQAnFSqgsggW9UEvySbkHzpqOrOYNA79Ca8oXO0dCFwp6X8buIiDefa7+Q==

split-on-first@^1.0.0:
  version "1.1.0"
  resolved "https://registry.yarnpkg.com/split-on-first/-/split-on-first-1.1.0.tgz#f610afeee3b12bce1d0c30425e76398b78249a5f"
  integrity sha512-43ZssAJaMusuKWL8sKUBQXHWOpq8d6CfN/u1p4gUzfJkM05C8rxTmYrkIPTXapZpORA6LkkzcUulJ8FqA7Uudw==

strict-uri-encode@^2.0.0:
  version "2.0.0"
  resolved "https://registry.yarnpkg.com/strict-uri-encode/-/strict-uri-encode-2.0.0.tgz#b9c7330c7042862f6b142dc274bbcc5866ce3546"
  integrity sha1-ucczDHBChi9rFC3CdLvMWGbONUY=
