# THIS IS AN AUTOGENERATED FILE. DO NOT EDIT THIS FILE DIRECTLY.
# yarn lockfile v1


react-native-options-menu@^2.0.2:
  version "2.0.2"
  resolved "https://registry.yarnpkg.com/react-native-options-menu/-/react-native-options-menu-2.0.2.tgz#ff4ed9a1ac0026e52097b33b3dd318fa14856564"
  integrity sha512-aqufug1xxote2Oz9WTpoh/B4GTA1RZiF6Ba69yUZYyHvg7MdGnLVLMSA5fDRirF5EGCn2Ay+f9DExWf1DjQI6A==
